
Microsoft Visual Studio Solution File, Format Version 12.00
# Visual Studio Version 17
VisualStudioVersion = 17.3.32929.385
MinimumVisualStudioVersion = 10.0.40219.1
Project("{9A19103F-16F7-4668-BE54-9A1E7A4F7556}") = "Stage0", "Stage0\Stage0.csproj", "{4D0FED5C-5A7E-441F-939E-281555611ECC}"
EndProject
Project("{2150E333-8FDC-42A3-9474-1A3956D46DE8}") = "Solution Items", "Solution Items", "{ACF8632F-2EF1-4CD2-B4C4-D63A76CD1F79}"
	ProjectSection(SolutionItems) = preProject
		README.md = README.md
	EndProjectSection
EndProject
Project("{9A19103F-16F7-4668-BE54-9A1E7A4F7556}") = "DalFacade", "DalFacade\DalFacade.csproj", "{32DA1948-B2FA-4E64-ADCC-C2D3BE911999}"
EndProject
Project("{9A19103F-16F7-4668-BE54-9A1E7A4F7556}") = "DalList", "DalList\DalList.csproj", "{1C4898ED-4E98-4A08-9CD5-0886922F500A}"
EndProject
Project("{9A19103F-16F7-4668-BE54-9A1E7A4F7556}") = "DalTest", "DalTest\DalTest.csproj", "{F4AABE06-636F-4018-86B3-F4539BA7F502}"
EndProject
Project("{9A19103F-16F7-4668-BE54-9A1E7A4F7556}") = "BL", "BL\BL.csproj", "{17E8BF86-CB41-4D42-9FD1-B284E8B1512E}"
EndProject
Project("{9A19103F-16F7-4668-BE54-9A1E7A4F7556}") = "BlTest", "BlTest\BlTest.csproj", "{6D17731E-0CB5-4DC5-8565-A8B05A23E903}"
EndProject
Project("{9A19103F-16F7-4668-BE54-9A1E7A4F7556}") = "PL", "PL\PL.csproj", "{FE39EA43-BFA4-4935-8C92-CED65545C63A}"
EndProject
Project("{2150E333-8FDC-42A3-9474-1A3956D46DE8}") = "xml", "xml", "{0CCA1263-93C7-4E75-8F1D-2272754E20A8}"
	ProjectSection(SolutionItems) = preProject
		ConfigNumbers.xml = ConfigNumbers.xml
		xml\dal-config.xml = xml\dal-config.xml
		Order.xml = Order.xml
		OrderItem.xml = OrderItem.xml
		Product.xml = Product.xml
	EndProjectSection
EndProject
Project("{FAE04EC0-301F-11D3-BF4B-00C04F79EFBC}") = "DalXml", "DalXml\DalXml.csproj", "{7C3D18DF-23ED-4C16-B445-BA3EF62AE791}"
EndProject
Project("{FAE04EC0-301F-11D3-BF4B-00C04F79EFBC}") = "InitializeXML", "InitializeXML\InitializeXML.csproj", "{44F6FEE1-6312-4202-8688-392E9EB2244A}"
EndProject
Global
	GlobalSection(SolutionConfigurationPlatforms) = preSolution
		Debug|Any CPU = Debug|Any CPU
		Release|Any CPU = Release|Any CPU
	EndGlobalSection
	GlobalSection(ProjectConfigurationPlatforms) = postSolution
		{4D0FED5C-5A7E-441F-939E-281555611ECC}.Debug|Any CPU.ActiveCfg = Debug|Any CPU
		{4D0FED5C-5A7E-441F-939E-281555611ECC}.Debug|Any CPU.Build.0 = Debug|Any CPU
		{4D0FED5C-5A7E-441F-939E-281555611ECC}.Release|Any CPU.ActiveCfg = Release|Any CPU
		{4D0FED5C-5A7E-441F-939E-281555611ECC}.Release|Any CPU.Build.0 = Release|Any CPU
		{32DA1948-B2FA-4E64-ADCC-C2D3BE911999}.Debug|Any CPU.ActiveCfg = Debug|Any CPU
		{32DA1948-B2FA-4E64-ADCC-C2D3BE911999}.Debug|Any CPU.Build.0 = Debug|Any CPU
		{32DA1948-B2FA-4E64-ADCC-C2D3BE911999}.Release|Any CPU.ActiveCfg = Release|Any CPU
		{32DA1948-B2FA-4E64-ADCC-C2D3BE911999}.Release|Any CPU.Build.0 = Release|Any CPU
		{1C4898ED-4E98-4A08-9CD5-0886922F500A}.Debug|Any CPU.ActiveCfg = Debug|Any CPU
		{1C4898ED-4E98-4A08-9CD5-0886922F500A}.Debug|Any CPU.Build.0 = Debug|Any CPU
		{1C4898ED-4E98-4A08-9CD5-0886922F500A}.Release|Any CPU.ActiveCfg = Release|Any CPU
		{1C4898ED-4E98-4A08-9CD5-0886922F500A}.Release|Any CPU.Build.0 = Release|Any CPU
		{F4AABE06-636F-4018-86B3-F4539BA7F502}.Debug|Any CPU.ActiveCfg = Debug|Any CPU
		{F4AABE06-636F-4018-86B3-F4539BA7F502}.Debug|Any CPU.Build.0 = Debug|Any CPU
		{F4AABE06-636F-4018-86B3-F4539BA7F502}.Release|Any CPU.ActiveCfg = Release|Any CPU
		{F4AABE06-636F-4018-86B3-F4539BA7F502}.Release|Any CPU.Build.0 = Release|Any CPU
		{17E8BF86-CB41-4D42-9FD1-B284E8B1512E}.Debug|Any CPU.ActiveCfg = Debug|Any CPU
		{17E8BF86-CB41-4D42-9FD1-B284E8B1512E}.Debug|Any CPU.Build.0 = Debug|Any CPU
		{17E8BF86-CB41-4D42-9FD1-B284E8B1512E}.Release|Any CPU.ActiveCfg = Release|Any CPU
		{17E8BF86-CB41-4D42-9FD1-B284E8B1512E}.Release|Any CPU.Build.0 = Release|Any CPU
		{6D17731E-0CB5-4DC5-8565-A8B05A23E903}.Debug|Any CPU.ActiveCfg = Debug|Any CPU
		{6D17731E-0CB5-4DC5-8565-A8B05A23E903}.Debug|Any CPU.Build.0 = Debug|Any CPU
		{6D17731E-0CB5-4DC5-8565-A8B05A23E903}.Release|Any CPU.ActiveCfg = Release|Any CPU
		{6D17731E-0CB5-4DC5-8565-A8B05A23E903}.Release|Any CPU.Build.0 = Release|Any CPU
		{FE39EA43-BFA4-4935-8C92-CED65545C63A}.Debug|Any CPU.ActiveCfg = Debug|Any CPU
		{FE39EA43-BFA4-4935-8C92-CED65545C63A}.Debug|Any CPU.Build.0 = Debug|Any CPU
		{FE39EA43-BFA4-4935-8C92-CED65545C63A}.Release|Any CPU.ActiveCfg = Release|Any CPU
		{FE39EA43-BFA4-4935-8C92-CED65545C63A}.Release|Any CPU.Build.0 = Release|Any CPU
		{7C3D18DF-23ED-4C16-B445-BA3EF62AE791}.Debug|Any CPU.ActiveCfg = Debug|Any CPU
		{7C3D18DF-23ED-4C16-B445-BA3EF62AE791}.Debug|Any CPU.Build.0 = Debug|Any CPU
		{7C3D18DF-23ED-4C16-B445-BA3EF62AE791}.Release|Any CPU.ActiveCfg = Release|Any CPU
		{7C3D18DF-23ED-4C16-B445-BA3EF62AE791}.Release|Any CPU.Build.0 = Release|Any CPU
		{44F6FEE1-6312-4202-8688-392E9EB2244A}.Debug|Any CPU.ActiveCfg = Debug|Any CPU
		{44F6FEE1-6312-4202-8688-392E9EB2244A}.Debug|Any CPU.Build.0 = Debug|Any CPU
		{44F6FEE1-6312-4202-8688-392E9EB2244A}.Release|Any CPU.ActiveCfg = Release|Any CPU
		{44F6FEE1-6312-4202-8688-392E9EB2244A}.Release|Any CPU.Build.0 = Release|Any CPU
	EndGlobalSection
	GlobalSection(SolutionProperties) = preSolution
		HideSolutionNode = FALSE
	EndGlobalSection
	GlobalSection(ExtensibilityGlobals) = postSolution
		SolutionGuid = {57307117-DA15-4CFF-851A-C94AF0F50353}
	EndGlobalSection
EndGlobal
